
Microsoft Visual Studio Solution File, Format Version 12.00
# Visual Studio Version 16
VisualStudioVersion = 16.0.30611.23
MinimumVisualStudioVersion = 10.0.40219.1
Project("{FAE04EC0-301F-11D3-BF4B-00C04F79EFBC}") = "WindowsFormsApp1", "WindowsFormsApp1\WindowsFormsApp1.csproj", "{361FF0D2-6157-4D1A-9927-E909AE7AEFAE}"
EndProject
Global
	GlobalSection(SolutionConfigurationPlatforms) = preSolution
		Debug|Any CPU = Debug|Any CPU
		Release|Any CPU = Release|Any CPU
	EndGlobalSection
	GlobalSection(ProjectConfigurationPlatforms) = postSolution
		{361FF0D2-6157-4D1A-9927-E909AE7AEFAE}.Debug|Any CPU.ActiveCfg = Debug|Any CPU
		{361FF0D2-6157-4D1A-9927-E909AE7AEFAE}.Debug|Any CPU.Build.0 = Debug|Any CPU
		{361FF0D2-6157-4D1A-9927-E909AE7AEFAE}.Release|Any CPU.ActiveCfg = Release|Any CPU
		{361FF0D2-6157-4D1A-9927-E909AE7AEFAE}.Release|Any CPU.Build.0 = Release|Any CPU
	EndGlobalSection
	GlobalSection(SolutionProperties) = preSolution
		HideSolutionNode = FALSE
	EndGlobalSection
	GlobalSection(ExtensibilityGlobals) = postSolution
		SolutionGuid = {3D6126DD-9FC4-4655-B08A-74D365FAAB65}
	EndGlobalSection
EndGlobal
